
Microsoft Visual Studio Solution File, Format Version 12.00
# Visual Studio Version 17
VisualStudioVersion = 17.4.33205.214
MinimumVisualStudioVersion = 10.0.40219.1
Project("{FAE04EC0-301F-11D3-BF4B-00C04F79EFBC}") = "KafainExam", "KafainExam\KafainExam.csproj", "{16637C41-A9AF-46CE-A4D1-C3B7C84706B4}"
EndProject
Global
	GlobalSection(SolutionConfigurationPlatforms) = preSolution
		Debug|Any CPU = Debug|Any CPU
		Release|Any CPU = Release|Any CPU
	EndGlobalSection
	GlobalSection(ProjectConfigurationPlatforms) = postSolution
		{16637C41-A9AF-46CE-A4D1-C3B7C84706B4}.Debug|Any CPU.ActiveCfg = Debug|Any CPU
		{16637C41-A9AF-46CE-A4D1-C3B7C84706B4}.Debug|Any CPU.Build.0 = Debug|Any CPU
		{16637C41-A9AF-46CE-A4D1-C3B7C84706B4}.Release|Any CPU.ActiveCfg = Release|Any CPU
		{16637C41-A9AF-46CE-A4D1-C3B7C84706B4}.Release|Any CPU.Build.0 = Release|Any CPU
	EndGlobalSection
	GlobalSection(SolutionProperties) = preSolution
		HideSolutionNode = FALSE
	EndGlobalSection
	GlobalSection(ExtensibilityGlobals) = postSolution
		SolutionGuid = {A4627C57-20D6-4587-8E8A-47A68F30DBD3}
	EndGlobalSection
EndGlobal
